
Microsoft Visual Studio Solution File, Format Version 12.00
# Visual Studio Version 16
VisualStudioVersion = 16.0.31205.134
MinimumVisualStudioVersion = 10.0.40219.1
Project("{FAE04EC0-301F-11D3-BF4B-00C04F79EFBC}") = "KolbiApp.Android", "KolbiApp\KolbiApp.Android\KolbiApp.Android.csproj", "{933A61E5-0854-4167-AAAB-54996B5835C4}"
EndProject
Project("{FAE04EC0-301F-11D3-BF4B-00C04F79EFBC}") = "KolbiApp.iOS", "KolbiApp\KolbiApp.iOS\KolbiApp.iOS.csproj", "{4045DF06-C5F0-4DD6-BD9F-1EA81E57416F}"
EndProject
Project("{FAE04EC0-301F-11D3-BF4B-00C04F79EFBC}") = "KolbiApp", "KolbiApp\KolbiApp\KolbiApp.csproj", "{D1A54E98-F1C4-4A5B-B588-D84DBB33BAC4}"
EndProject
Global
	GlobalSection(SolutionConfigurationPlatforms) = preSolution
		Debug|Any CPU = Debug|Any CPU
		Debug|iPhone = Debug|iPhone
		Debug|iPhoneSimulator = Debug|iPhoneSimulator
		Release|Any CPU = Release|Any CPU
		Release|iPhone = Release|iPhone
		Release|iPhoneSimulator = Release|iPhoneSimulator
	EndGlobalSection
	GlobalSection(ProjectConfigurationPlatforms) = postSolution
		{933A61E5-0854-4167-AAAB-54996B5835C4}.Debug|Any CPU.ActiveCfg = Debug|Any CPU
		{933A61E5-0854-4167-AAAB-54996B5835C4}.Debug|Any CPU.Build.0 = Debug|Any CPU
		{933A61E5-0854-4167-AAAB-54996B5835C4}.Debug|Any CPU.Deploy.0 = Debug|Any CPU
		{933A61E5-0854-4167-AAAB-54996B5835C4}.Debug|iPhone.ActiveCfg = Debug|Any CPU
		{933A61E5-0854-4167-AAAB-54996B5835C4}.Debug|iPhone.Build.0 = Debug|Any CPU
		{933A61E5-0854-4167-AAAB-54996B5835C4}.Debug|iPhone.Deploy.0 = Debug|Any CPU
		{933A61E5-0854-4167-AAAB-54996B5835C4}.Debug|iPhoneSimulator.ActiveCfg = Debug|Any CPU
		{933A61E5-0854-4167-AAAB-54996B5835C4}.Debug|iPhoneSimulator.Build.0 = Debug|Any CPU
		{933A61E5-0854-4167-AAAB-54996B5835C4}.Debug|iPhoneSimulator.Deploy.0 = Debug|Any CPU
		{933A61E5-0854-4167-AAAB-54996B5835C4}.Release|Any CPU.ActiveCfg = Release|Any CPU
		{933A61E5-0854-4167-AAAB-54996B5835C4}.Release|Any CPU.Build.0 = Release|Any CPU
		{933A61E5-0854-4167-AAAB-54996B5835C4}.Release|Any CPU.Deploy.0 = Release|Any CPU
		{933A61E5-0854-4167-AAAB-54996B5835C4}.Release|iPhone.ActiveCfg = Release|Any CPU
		{933A61E5-0854-4167-AAAB-54996B5835C4}.Release|iPhone.Build.0 = Release|Any CPU
		{933A61E5-0854-4167-AAAB-54996B5835C4}.Release|iPhone.Deploy.0 = Release|Any CPU
		{933A61E5-0854-4167-AAAB-54996B5835C4}.Release|iPhoneSimulator.ActiveCfg = Release|Any CPU
		{933A61E5-0854-4167-AAAB-54996B5835C4}.Release|iPhoneSimulator.Build.0 = Release|Any CPU
		{933A61E5-0854-4167-AAAB-54996B5835C4}.Release|iPhoneSimulator.Deploy.0 = Release|Any CPU
		{4045DF06-C5F0-4DD6-BD9F-1EA81E57416F}.Debug|Any CPU.ActiveCfg = Debug|iPhone
		{4045DF06-C5F0-4DD6-BD9F-1EA81E57416F}.Debug|Any CPU.Build.0 = Debug|iPhone
		{4045DF06-C5F0-4DD6-BD9F-1EA81E57416F}.Debug|Any CPU.Deploy.0 = Debug|iPhone
		{4045DF06-C5F0-4DD6-BD9F-1EA81E57416F}.Debug|iPhone.ActiveCfg = Debug|iPhone
		{4045DF06-C5F0-4DD6-BD9F-1EA81E57416F}.Debug|iPhone.Build.0 = Debug|iPhone
		{4045DF06-C5F0-4DD6-BD9F-1EA81E57416F}.Debug|iPhone.Deploy.0 = Debug|iPhone
		{4045DF06-C5F0-4DD6-BD9F-1EA81E57416F}.Debug|iPhoneSimulator.ActiveCfg = Debug|iPhoneSimulator
		{4045DF06-C5F0-4DD6-BD9F-1EA81E57416F}.Debug|iPhoneSimulator.Build.0 = Debug|iPhoneSimulator
		{4045DF06-C5F0-4DD6-BD9F-1EA81E57416F}.Debug|iPhoneSimulator.Deploy.0 = Debug|iPhoneSimulator
		{4045DF06-C5F0-4DD6-BD9F-1EA81E57416F}.Release|Any CPU.ActiveCfg = Release|iPhoneSimulator
		{4045DF06-C5F0-4DD6-BD9F-1EA81E57416F}.Release|Any CPU.Build.0 = Release|iPhoneSimulator
		{4045DF06-C5F0-4DD6-BD9F-1EA81E57416F}.Release|Any CPU.Deploy.0 = Release|iPhoneSimulator
		{4045DF06-C5F0-4DD6-BD9F-1EA81E57416F}.Release|iPhone.ActiveCfg = Release|iPhone
		{4045DF06-C5F0-4DD6-BD9F-1EA81E57416F}.Release|iPhone.Build.0 = Release|iPhone
		{4045DF06-C5F0-4DD6-BD9F-1EA81E57416F}.Release|iPhone.Deploy.0 = Release|iPhone
		{4045DF06-C5F0-4DD6-BD9F-1EA81E57416F}.Release|iPhoneSimulator.ActiveCfg = Release|iPhoneSimulator
		{4045DF06-C5F0-4DD6-BD9F-1EA81E57416F}.Release|iPhoneSimulator.Build.0 = Release|iPhoneSimulator
		{4045DF06-C5F0-4DD6-BD9F-1EA81E57416F}.Release|iPhoneSimulator.Deploy.0 = Release|iPhoneSimulator
		{D1A54E98-F1C4-4A5B-B588-D84DBB33BAC4}.Debug|Any CPU.ActiveCfg = Debug|Any CPU
		{D1A54E98-F1C4-4A5B-B588-D84DBB33BAC4}.Debug|Any CPU.Build.0 = Debug|Any CPU
		{D1A54E98-F1C4-4A5B-B588-D84DBB33BAC4}.Debug|Any CPU.Deploy.0 = Debug|Any CPU
		{D1A54E98-F1C4-4A5B-B588-D84DBB33BAC4}.Debug|iPhone.ActiveCfg = Debug|Any CPU
		{D1A54E98-F1C4-4A5B-B588-D84DBB33BAC4}.Debug|iPhone.Build.0 = Debug|Any CPU
		{D1A54E98-F1C4-4A5B-B588-D84DBB33BAC4}.Debug|iPhone.Deploy.0 = Debug|Any CPU
		{D1A54E98-F1C4-4A5B-B588-D84DBB33BAC4}.Debug|iPhoneSimulator.ActiveCfg = Debug|Any CPU
		{D1A54E98-F1C4-4A5B-B588-D84DBB33BAC4}.Debug|iPhoneSimulator.Build.0 = Debug|Any CPU
		{D1A54E98-F1C4-4A5B-B588-D84DBB33BAC4}.Debug|iPhoneSimulator.Deploy.0 = Debug|Any CPU
		{D1A54E98-F1C4-4A5B-B588-D84DBB33BAC4}.Release|Any CPU.ActiveCfg = Release|Any CPU
		{D1A54E98-F1C4-4A5B-B588-D84DBB33BAC4}.Release|Any CPU.Build.0 = Release|Any CPU
		{D1A54E98-F1C4-4A5B-B588-D84DBB33BAC4}.Release|Any CPU.Deploy.0 = Release|Any CPU
		{D1A54E98-F1C4-4A5B-B588-D84DBB33BAC4}.Release|iPhone.ActiveCfg = Release|Any CPU
		{D1A54E98-F1C4-4A5B-B588-D84DBB33BAC4}.Release|iPhone.Build.0 = Release|Any CPU
		{D1A54E98-F1C4-4A5B-B588-D84DBB33BAC4}.Release|iPhone.Deploy.0 = Release|Any CPU
		{D1A54E98-F1C4-4A5B-B588-D84DBB33BAC4}.Release|iPhoneSimulator.ActiveCfg = Release|Any CPU
		{D1A54E98-F1C4-4A5B-B588-D84DBB33BAC4}.Release|iPhoneSimulator.Build.0 = Release|Any CPU
		{D1A54E98-F1C4-4A5B-B588-D84DBB33BAC4}.Release|iPhoneSimulator.Deploy.0 = Release|Any CPU
	EndGlobalSection
	GlobalSection(SolutionProperties) = preSolution
		HideSolutionNode = FALSE
	EndGlobalSection
	GlobalSection(ExtensibilityGlobals) = postSolution
		SolutionGuid = {F4E89347-1F3B-475C-9AAD-2CF670A2FA9C}
	EndGlobalSection
EndGlobal
